
Microsoft Visual Studio Solution File, Format Version 12.00
# Visual Studio Version 17
VisualStudioVersion = 17.1.32328.378
MinimumVisualStudioVersion = 10.0.40219.1
Project("{FAE04EC0-301F-11D3-BF4B-00C04F79EFBC}") = "WindowsFormsApp6", "WindowsFormsApp6\WindowsFormsApp6.csproj", "{0D55D55C-80AA-499A-A267-746A52F8C0EF}"
EndProject
Global
	GlobalSection(SolutionConfigurationPlatforms) = preSolution
		Debug|Any CPU = Debug|Any CPU
		Release|Any CPU = Release|Any CPU
	EndGlobalSection
	GlobalSection(ProjectConfigurationPlatforms) = postSolution
		{0D55D55C-80AA-499A-A267-746A52F8C0EF}.Debug|Any CPU.ActiveCfg = Debug|Any CPU
		{0D55D55C-80AA-499A-A267-746A52F8C0EF}.Debug|Any CPU.Build.0 = Debug|Any CPU
		{0D55D55C-80AA-499A-A267-746A52F8C0EF}.Release|Any CPU.ActiveCfg = Release|Any CPU
		{0D55D55C-80AA-499A-A267-746A52F8C0EF}.Release|Any CPU.Build.0 = Release|Any CPU
	EndGlobalSection
	GlobalSection(SolutionProperties) = preSolution
		HideSolutionNode = FALSE
	EndGlobalSection
	GlobalSection(ExtensibilityGlobals) = postSolution
		SolutionGuid = {F259451A-AAF5-4E0D-AA39-9A30DD53865A}
	EndGlobalSection
EndGlobal
